
Microsoft Visual Studio Solution File, Format Version 12.00
# Visual Studio Version 17
VisualStudioVersion = 17.0.31815.197
MinimumVisualStudioVersion = 10.0.40219.1
Project("{9A19103F-16F7-4668-BE54-9A1E7A4F7556}") = "dotnet.messaging", "dotnet.messaging\dotnet.messaging.csproj", "{5929362D-580F-48E5-B268-39650BE690ED}"
EndProject
Project("{FAE04EC0-301F-11D3-BF4B-00C04F79EFBC}") = "dotnet.messaging.clients", "dotnet.messaging.clients\dotnet.messaging.clients.csproj", "{E57D4F8E-61E5-409E-A199-8B688AFE3536}"
EndProject
Project("{FAE04EC0-301F-11D3-BF4B-00C04F79EFBC}") = "dotnet.messaging.domain", "dotnet.messaging.domain\dotnet.messaging.domain.csproj", "{687C46DF-F107-486E-923B-C65EF0ECCBA0}"
EndProject
Global
	GlobalSection(SolutionConfigurationPlatforms) = preSolution
		Debug|Any CPU = Debug|Any CPU
		Release|Any CPU = Release|Any CPU
	EndGlobalSection
	GlobalSection(ProjectConfigurationPlatforms) = postSolution
		{5929362D-580F-48E5-B268-39650BE690ED}.Debug|Any CPU.ActiveCfg = Debug|Any CPU
		{5929362D-580F-48E5-B268-39650BE690ED}.Debug|Any CPU.Build.0 = Debug|Any CPU
		{5929362D-580F-48E5-B268-39650BE690ED}.Release|Any CPU.ActiveCfg = Release|Any CPU
		{5929362D-580F-48E5-B268-39650BE690ED}.Release|Any CPU.Build.0 = Release|Any CPU
		{E57D4F8E-61E5-409E-A199-8B688AFE3536}.Debug|Any CPU.ActiveCfg = Debug|Any CPU
		{E57D4F8E-61E5-409E-A199-8B688AFE3536}.Debug|Any CPU.Build.0 = Debug|Any CPU
		{E57D4F8E-61E5-409E-A199-8B688AFE3536}.Release|Any CPU.ActiveCfg = Release|Any CPU
		{E57D4F8E-61E5-409E-A199-8B688AFE3536}.Release|Any CPU.Build.0 = Release|Any CPU
		{687C46DF-F107-486E-923B-C65EF0ECCBA0}.Debug|Any CPU.ActiveCfg = Debug|Any CPU
		{687C46DF-F107-486E-923B-C65EF0ECCBA0}.Debug|Any CPU.Build.0 = Debug|Any CPU
		{687C46DF-F107-486E-923B-C65EF0ECCBA0}.Release|Any CPU.ActiveCfg = Release|Any CPU
		{687C46DF-F107-486E-923B-C65EF0ECCBA0}.Release|Any CPU.Build.0 = Release|Any CPU
	EndGlobalSection
	GlobalSection(SolutionProperties) = preSolution
		HideSolutionNode = FALSE
	EndGlobalSection
	GlobalSection(ExtensibilityGlobals) = postSolution
		SolutionGuid = {02B16A8D-E5FB-4847-85EF-C40C2C667B42}
	EndGlobalSection
EndGlobal
